// !$*UTF8*$!
{
	archiveVersion = 1;
	classes = {
	};
	objectVersion = 50;
	objects = {

/* Begin PBXBuildFile section */
		83293B8E2439CADC006C5EA0 /* AppDelegate.swift in Sources */ = {isa = PBXBuildFile; fileRef = 83293B8D2439CADC006C5EA0 /* AppDelegate.swift */; };
		83293B902439CADC006C5EA0 /* ViewController.swift in Sources */ = {isa = PBXBuildFile; fileRef = 83293B8F2439CADC006C5EA0 /* ViewController.swift */; };
		83293B932439CADC006C5EA0 /* Main.storyboard in Resources */ = {isa = PBXBuildFile; fileRef = 83293B912439CADC006C5EA0 /* Main.storyboard */; };
		83293B962439CADC006C5EA0 /* FamilyApp.xcdatamodeld in Sources */ = {isa = PBXBuildFile; fileRef = 83293B942439CADC006C5EA0 /* FamilyApp.xcdatamodeld */; };
		83293B982439CADE006C5EA0 /* Assets.xcassets in Resources */ = {isa = PBXBuildFile; fileRef = 83293B972439CADE006C5EA0 /* Assets.xcassets */; };
		83293B9B2439CADE006C5EA0 /* LaunchScreen.storyboard in Resources */ = {isa = PBXBuildFile; fileRef = 83293B992439CADE006C5EA0 /* LaunchScreen.storyboard */; };
		83293BA62439CADE006C5EA0 /* FamilyAppTests.swift in Sources */ = {isa = PBXBuildFile; fileRef = 83293BA52439CADE006C5EA0 /* FamilyAppTests.swift */; };
		83293BB12439CADE006C5EA0 /* FamilyAppUITests.swift in Sources */ = {isa = PBXBuildFile; fileRef = 83293BB02439CADE006C5EA0 /* FamilyAppUITests.swift */; };
/* End PBXBuildFile section */

/* Begin PBXContainerItemProxy section */
		83293BA22439CADE006C5EA0 /* PBXContainerItemProxy */ = {
			isa = PBXContainerItemProxy;
			containerPortal = 83293B822439CADC006C5EA0 /* Project object */;
			proxyType = 1;
			remoteGlobalIDString = 83293B892439CADC006C5EA0;
			remoteInfo = FamilyApp;
		};
		83293BAD2439CADE006C5EA0 /* PBXContainerItemProxy */ = {
			isa = PBXContainerItemProxy;
			containerPortal = 83293B822439CADC006C5EA0 /* Project object */;
			proxyType = 1;
			remoteGlobalIDString = 83293B892439CADC006C5EA0;
			remoteInfo = FamilyApp;
		};
/* End PBXContainerItemProxy section */

/* Begin PBXFileReference section */
		83293B8A2439CADC006C5EA0 /* FamilyApp.app */ = {isa = PBXFileReference; explicitFileType = wrapper.application; includeInIndex = 0; path = FamilyApp.app; sourceTree = BUILT_PRODUCTS_DIR; };
		83293B8D2439CADC006C5EA0 /* AppDelegate.swift */ = {isa = PBXFileReference; lastKnownFileType = sourcecode.swift; path = AppDelegate.swift; sourceTree = "<group>"; };
		83293B8F2439CADC006C5EA0 /* ViewController.swift */ = {isa = PBXFileReference; lastKnownFileType = sourcecode.swift; path = ViewController.swift; sourceTree = "<group>"; };
		83293B922439CADC006C5EA0 /* Base */ = {isa = PBXFileReference; lastKnownFileType = file.storyboard; name = Base; path = Base.lproj/Main.storyboard; sourceTree = "<group>"; };
		83293B952439CADC006C5EA0 /* FamilyApp.xcdatamodel */ = {isa = PBXFileReference; lastKnownFileType = wrapper.xcdatamodel; path = FamilyApp.xcdatamodel; sourceTree = "<group>"; };
		83293B972439CADE006C5EA0 /* Assets.xcassets */ = {isa = PBXFileReference; lastKnownFileType = folder.assetcatalog; path = Assets.xcassets; sourceTree = "<group>"; };
		83293B9A2439CADE006C5EA0 /* Base */ = {isa = PBXFileReference; lastKnownFileType = file.storyboard; name = Base; path = Base.lproj/LaunchScreen.storyboard; sourceTree = "<group>"; };
		83293B9C2439CADE006C5EA0 /* Info.plist */ = {isa = PBXFileReference; lastKnownFileType = text.plist.xml; path = Info.plist; sourceTree = "<group>"; };
		83293BA12439CADE006C5EA0 /* FamilyAppTests.xctest */ = {isa = PBXFileReference; explicitFileType = wrapper.cfbundle; includeInIndex = 0; path = FamilyAppTests.xctest; sourceTree = BUILT_PRODUCTS_DIR; };
		83293BA52439CADE006C5EA0 /* FamilyAppTests.swift */ = {isa = PBXFileReference; lastKnownFileType = sourcecode.swift; path = FamilyAppTests.swift; sourceTree = "<group>"; };
		83293BA72439CADE006C5EA0 /* Info.plist */ = {isa = PBXFileReference; lastKnownFileType = text.plist.xml; path = Info.plist; sourceTree = "<group>"; };
		83293BAC2439CADE006C5EA0 /* FamilyAppUITests.xctest */ = {isa = PBXFileReference; explicitFileType = wrapper.cfbundle; includeInIndex = 0; path = FamilyAppUITests.xctest; sourceTree = BUILT_PRODUCTS_DIR; };
		83293BB02439CADE006C5EA0 /* FamilyAppUITests.swift */ = {isa = PBXFileReference; lastKnownFileType = sourcecode.swift; path = FamilyAppUITests.swift; sourceTree = "<group>"; };
		83293BB22439CADE006C5EA0 /* Info.plist */ = {isa = PBXFileReference; lastKnownFileType = text.plist.xml; path = Info.plist; sourceTree = "<group>"; };
/* End PBXFileReference section */

/* Begin PBXFrameworksBuildPhase section */
		83293B872439CADC006C5EA0 /* Frameworks */ = {
			isa = PBXFrameworksBuildPhase;
			buildActionMask = 2147483647;
			files = (
			);
			runOnlyForDeploymentPostprocessing = 0;
		};
		83293B9E2439CADE006C5EA0 /* Frameworks */ = {
			isa = PBXFrameworksBuildPhase;
			buildActionMask = 2147483647;
			files = (
			);
			runOnlyForDeploymentPostprocessing = 0;
		};
		83293BA92439CADE006C5EA0 /* Frameworks */ = {
			isa = PBXFrameworksBuildPhase;
			buildActionMask = 2147483647;
			files = (
			);
			runOnlyForDeploymentPostprocessing = 0;
		};
/* End PBXFrameworksBuildPhase section */

/* Begin PBXGroup section */
		83293B812439CADC006C5EA0 = {
			isa = PBXGroup;
			children = (
				83293B8C2439CADC006C5EA0 /* FamilyApp */,
				83293BA42439CADE006C5EA0 /* FamilyAppTests */,
				83293BAF2439CADE006C5EA0 /* FamilyAppUITests */,
				83293B8B2439CADC006C5EA0 /* Products */,
			);
			sourceTree = "<group>";
		};
		83293B8B2439CADC006C5EA0 /* Products */ = {
			isa = PBXGroup;
			children = (
				83293B8A2439CADC006C5EA0 /* FamilyApp.app */,
				83293BA12439CADE006C5EA0 /* FamilyAppTests.xctest */,
				83293BAC2439CADE006C5EA0 /* FamilyAppUITests.xctest */,
			);
			name = Products;
			sourceTree = "<group>";
		};
		83293B8C2439CADC006C5EA0 /* FamilyApp */ = {
			isa = PBXGroup;
			children = (
				83293B8D2439CADC006C5EA0 /* AppDelegate.swift */,
				83293B8F2439CADC006C5EA0 /* ViewController.swift */,
				83293B912439CADC006C5EA0 /* Main.storyboard */,
				83293B972439CADE006C5EA0 /* Assets.xcassets */,
				83293B992439CADE006C5EA0 /* LaunchScreen.storyboard */,
				83293B9C2439CADE006C5EA0 /* Info.plist */,
				83293B942439CADC006C5EA0 /* FamilyApp.xcdatamodeld */,
			);
			path = FamilyApp;
			sourceTree = "<group>";
		};
		83293BA42439CADE006C5EA0 /* FamilyAppTests */ = {
			isa = PBXGroup;
			children = (
				83293BA52439CADE006C5EA0 /* FamilyAppTests.swift */,
				83293BA72439CADE006C5EA0 /* Info.plist */,
			);
			path = FamilyAppTests;
			sourceTree = "<group>";
		};
		83293BAF2439CADE006C5EA0 /* FamilyAppUITests */ = {
			isa = PBXGroup;
			children = (
				83293BB02439CADE006C5EA0 /* FamilyAppUITests.swift */,
				83293BB22439CADE006C5EA0 /* Info.plist */,
			);
			path = FamilyAppUITests;
			sourceTree = "<group>";
		};
/* End PBXGroup section */

/* Begin PBXNativeTarget section */
		83293B892439CADC006C5EA0 /* FamilyApp */ = {
			isa = PBXNativeTarget;
			buildConfigurationList = 83293BB52439CADE006C5EA0 /* Build configuration list for PBXNativeTarget "FamilyApp" */;
			buildPhases = (
				83293B862439CADC006C5EA0 /* Sources */,
				83293B872439CADC006C5EA0 /* Frameworks */,
				83293B882439CADC006C5EA0 /* Resources */,
			);
			buildRules = (
			);
			dependencies = (
			);
			name = FamilyApp;
			productName = FamilyApp;
			productReference = 83293B8A2439CADC006C5EA0 /* FamilyApp.app */;
			productType = "com.apple.product-type.application";
		};
		83293BA02439CADE006C5EA0 /* FamilyAppTests */ = {
			isa = PBXNativeTarget;
			buildConfigurationList = 83293BB82439CADE006C5EA0 /* Build configuration list for PBXNativeTarget "FamilyAppTests" */;
			buildPhases = (
				83293B9D2439CADE006C5EA0 /* Sources */,
				83293B9E2439CADE006C5EA0 /* Frameworks */,
				83293B9F2439CADE006C5EA0 /* Resources */,
			);
			buildRules = (
			);
			dependencies = (
				83293BA32439CADE006C5EA0 /* PBXTargetDependency */,
			);
			name = FamilyAppTests;
			productName = FamilyAppTests;
			productReference = 83293BA12439CADE006C5EA0 /* FamilyAppTests.xctest */;
			productType = "com.apple.product-type.bundle.unit-test";
		};
		83293BAB2439CADE006C5EA0 /* FamilyAppUITests */ = {
			isa = PBXNativeTarget;
			buildConfigurationList = 83293BBB2439CADE006C5EA0 /* Build configuration list for PBXNativeTarget "FamilyAppUITests" */;
			buildPhases = (
				83293BA82439CADE006C5EA0 /* Sources */,
				83293BA92439CADE006C5EA0 /* Frameworks */,
				83293BAA2439CADE006C5EA0 /* Resources */,
			);
			buildRules = (
			);
			dependencies = (
				83293BAE2439CADE006C5EA0 /* PBXTargetDependency */,
			);
			name = FamilyAppUITests;
			productName = FamilyAppUITests;
			productReference = 83293BAC2439CADE006C5EA0 /* FamilyAppUITests.xctest */;
			productType = "com.apple.product-type.bundle.ui-testing";
		};
/* End PBXNativeTarget section */

/* Begin PBXProject section */
		83293B822439CADC006C5EA0 /* Project object */ = {
			isa = PBXProject;
			attributes = {
				LastSwiftUpdateCheck = 0930;
				LastUpgradeCheck = 0930;
				ORGANIZATIONNAME = "村上圭";
				TargetAttributes = {
					83293B892439CADC006C5EA0 = {
						CreatedOnToolsVersion = 9.3;
					};
					83293BA02439CADE006C5EA0 = {
						CreatedOnToolsVersion = 9.3;
						TestTargetID = 83293B892439CADC006C5EA0;
					};
					83293BAB2439CADE006C5EA0 = {
						CreatedOnToolsVersion = 9.3;
						TestTargetID = 83293B892439CADC006C5EA0;
					};
				};
			};
			buildConfigurationList = 83293B852439CADC006C5EA0 /* Build configuration list for PBXProject "FamilyApp" */;
			compatibilityVersion = "Xcode 9.3";
			developmentRegion = en;
			hasScannedForEncodings = 0;
			knownRegions = (
				en,
				Base,
			);
			mainGroup = 83293B812439CADC006C5EA0;
			productRefGroup = 83293B8B2439CADC006C5EA0 /* Products */;
			projectDirPath = "";
			projectRoot = "";
			targets = (
				83293B892439CADC006C5EA0 /* FamilyApp */,
				83293BA02439CADE006C5EA0 /* FamilyAppTests */,
				83293BAB2439CADE006C5EA0 /* FamilyAppUITests */,
			);
		};
/* End PBXProject section */

/* Begin PBXResourcesBuildPhase section */
		83293B882439CADC006C5EA0 /* Resources */ = {
			isa = PBXResourcesBuildPhase;
			buildActionMask = 2147483647;
			files = (
				83293B9B2439CADE006C5EA0 /* LaunchScreen.storyboard in Resources */,
				83293B982439CADE006C5EA0 /* Assets.xcassets in Resources */,
				83293B932439CADC006C5EA0 /* Main.storyboard in Resources */,
			);
			runOnlyForDeploymentPostprocessing = 0;
		};
		83293B9F2439CADE006C5EA0 /* Resources */ = {
			isa = PBXResourcesBuildPhase;
			buildActionMask = 2147483647;
			files = (
			);
			runOnlyForDeploymentPostprocessing = 0;
		};
		83293BAA2439CADE006C5EA0 /* Resources */ = {
			isa = PBXResourcesBuildPhase;
			buildActionMask = 2147483647;
			files = (
			);
			runOnlyForDeploymentPostprocessing = 0;
		};
/* End PBXResourcesBuildPhase section */

/* Begin PBXSourcesBuildPhase section */
		83293B862439CADC006C5EA0 /* Sources */ = {
			isa = PBXSourcesBuildPhase;
			buildActionMask = 2147483647;
			files = (
				83293B902439CADC006C5EA0 /* ViewController.swift in Sources */,
				83293B962439CADC006C5EA0 /* FamilyApp.xcdatamodeld in Sources */,
				83293B8E2439CADC006C5EA0 /* AppDelegate.swift in Sources */,
			);
			runOnlyForDeploymentPostprocessing = 0;
		};
		83293B9D2439CADE006C5EA0 /* Sources */ = {
			isa = PBXSourcesBuildPhase;
			buildActionMask = 2147483647;
			files = (
				83293BA62439CADE006C5EA0 /* FamilyAppTests.swift in Sources */,
			);
			runOnlyForDeploymentPostprocessing = 0;
		};
		83293BA82439CADE006C5EA0 /* Sources */ = {
			isa = PBXSourcesBuildPhase;
			buildActionMask = 2147483647;
			files = (
				83293BB12439CADE006C5EA0 /* FamilyAppUITests.swift in Sources */,
			);
			runOnlyForDeploymentPostprocessing = 0;
		};
/* End PBXSourcesBuildPhase section */

/* Begin PBXTargetDependency section */
		83293BA32439CADE006C5EA0 /* PBXTargetDependency */ = {
			isa = PBXTargetDependency;
			target = 83293B892439CADC006C5EA0 /* FamilyApp */;
			targetProxy = 83293BA22439CADE006C5EA0 /* PBXContainerItemProxy */;
		};
		83293BAE2439CADE006C5EA0 /* PBXTargetDependency */ = {
			isa = PBXTargetDependency;
			target = 83293B892439CADC006C5EA0 /* FamilyApp */;
			targetProxy = 83293BAD2439CADE006C5EA0 /* PBXContainerItemProxy */;
		};
/* End PBXTargetDependency section */

/* Begin PBXVariantGroup section */
		83293B912439CADC006C5EA0 /* Main.storyboard */ = {
			isa = PBXVariantGroup;
			children = (
				83293B922439CADC006C5EA0 /* Base */,
			);
			name = Main.storyboard;
			sourceTree = "<group>";
		};
		83293B992439CADE006C5EA0 /* LaunchScreen.storyboard */ = {
			isa = PBXVariantGroup;
			children = (
				83293B9A2439CADE006C5EA0 /* Base */,
			);
			name = LaunchScreen.storyboard;
			sourceTree = "<group>";
		};
/* End PBXVariantGroup section */

/* Begin XCBuildConfiguration section */
		83293BB32439CADE006C5EA0 /* Debug */ = {
			isa = XCBuildConfiguration;
			buildSettings = {
				ALWAYS_SEARCH_USER_PATHS = NO;
				CLANG_ANALYZER_NONNULL = YES;
				CLANG_ANALYZER_NUMBER_OBJECT_CONVERSION = YES_AGGRESSIVE;
				CLANG_CXX_LANGUAGE_STANDARD = "gnu++14";
				CLANG_CXX_LIBRARY = "libc++";
				CLANG_ENABLE_MODULES = YES;
				CLANG_ENABLE_OBJC_ARC = YES;
				CLANG_ENABLE_OBJC_WEAK = YES;
				CLANG_WARN_BLOCK_CAPTURE_AUTORELEASING = YES;
				CLANG_WARN_BOOL_CONVERSION = YES;
				CLANG_WARN_COMMA = YES;
				CLANG_WARN_CONSTANT_CONVERSION = YES;
				CLANG_WARN_DEPRECATED_OBJC_IMPLEMENTATIONS = YES;
				CLANG_WARN_DIRECT_OBJC_ISA_USAGE = YES_ERROR;
				CLANG_WARN_DOCUMENTATION_COMMENTS = YES;
				CLANG_WARN_EMPTY_BODY = YES;
				CLANG_WARN_ENUM_CONVERSION = YES;
				CLANG_WARN_INFINITE_RECURSION = YES;
				CLANG_WARN_INT_CONVERSION = YES;
				CLANG_WARN_NON_LITERAL_NULL_CONVERSION = YES;
				CLANG_WARN_OBJC_IMPLICIT_RETAIN_SELF = YES;
				CLANG_WARN_OBJC_LITERAL_CONVERSION = YES;
				CLANG_WARN_OBJC_ROOT_CLASS = YES_ERROR;
				CLANG_WARN_RANGE_LOOP_ANALYSIS = YES;
				CLANG_WARN_STRICT_PROTOTYPES = YES;
				CLANG_WARN_SUSPICIOUS_MOVE = YES;
				CLANG_WARN_UNGUARDED_AVAILABILITY = YES_AGGRESSIVE;
				CLANG_WARN_UNREACHABLE_CODE = YES;
				CLANG_WARN__DUPLICATE_METHOD_MATCH = YES;
				CODE_SIGN_IDENTITY = "iPhone Developer";
				COPY_PHASE_STRIP = NO;
				DEBUG_INFORMATION_FORMAT = dwarf;
				ENABLE_STRICT_OBJC_MSGSEND = YES;
				ENABLE_TESTABILITY = YES;
				GCC_C_LANGUAGE_STANDARD = gnu11;
				GCC_DYNAMIC_NO_PIC = NO;
				GCC_NO_COMMON_BLOCKS = YES;
				GCC_OPTIMIZATION_LEVEL = 0;
				GCC_PREPROCESSOR_DEFINITIONS = (
					"DEBUG=1",
					"$(inherited)",
				);
				GCC_WARN_64_TO_32_BIT_CONVERSION = YES;
				GCC_WARN_ABOUT_RETURN_TYPE = YES_ERROR;
				GCC_WARN_UNDECLARED_SELECTOR = YES;
				GCC_WARN_UNINITIALIZED_AUTOS = YES_AGGRESSIVE;
				GCC_WARN_UNUSED_FUNCTION = YES;
				GCC_WARN_UNUSED_VARIABLE = YES;
				IPHONEOS_DEPLOYMENT_TARGET = 11.3;
				MTL_ENABLE_DEBUG_INFO = YES;
				ONLY_ACTIVE_ARCH = YES;
				SDKROOT = iphoneos;
				SWIFT_ACTIVE_COMPILATION_CONDITIONS = DEBUG;
				SWIFT_OPTIMIZATION_LEVEL = "-Onone";
			};
			name = Debug;
		};
		83293BB42439CADE006C5EA0 /* Release */ = {
			isa = XCBuildConfiguration;
			buildSettings = {
				ALWAYS_SEARCH_USER_PATHS = NO;
				CLANG_ANALYZER_NONNULL = YES;
				CLANG_ANALYZER_NUMBER_OBJECT_CONVERSION = YES_AGGRESSIVE;
				CLANG_CXX_LANGUAGE_STANDARD = "gnu++14";
				CLANG_CXX_LIBRARY = "libc++";
				CLANG_ENABLE_MODULES = YES;
				CLANG_ENABLE_OBJC_ARC = YES;
				CLANG_ENABLE_OBJC_WEAK = YES;
				CLANG_WARN_BLOCK_CAPTURE_AUTORELEASING = YES;
				CLANG_WARN_BOOL_CONVERSION = YES;
				CLANG_WARN_COMMA = YES;
				CLANG_WARN_CONSTANT_CONVERSION = YES;
				CLANG_WARN_DEPRECATED_OBJC_IMPLEMENTATIONS = YES;
				CLANG_WARN_DIRECT_OBJC_ISA_USAGE = YES_ERROR;
				CLANG_WARN_DOCUMENTATION_COMMENTS = YES;
				CLANG_WARN_EMPTY_BODY = YES;
				CLANG_WARN_ENUM_CONVERSION = YES;
				CLANG_WARN_INFINITE_RECURSION = YES;
				CLANG_WARN_INT_CONVERSION = YES;
				CLANG_WARN_NON_LITERAL_NULL_CONVERSION = YES;
				CLANG_WARN_OBJC_IMPLICIT_RETAIN_SELF = YES;
				CLANG_WARN_OBJC_LITERAL_CONVERSION = YES;
				CLANG_WARN_OBJC_ROOT_CLASS = YES_ERROR;
				CLANG_WARN_RANGE_LOOP_ANALYSIS = YES;
				CLANG_WARN_STRICT_PROTOTYPES = YES;
				CLANG_WARN_SUSPICIOUS_MOVE = YES;
				CLANG_WARN_UNGUARDED_AVAILABILITY = YES_AGGRESSIVE;
				CLANG_WARN_UNREACHABLE_CODE = YES;
				CLANG_WARN__DUPLICATE_METHOD_MATCH = YES;
				CODE_SIGN_IDENTITY = "iPhone Developer";
				COPY_PHASE_STRIP = NO;
				DEBUG_INFORMATION_FORMAT = "dwarf-with-dsym";
				ENABLE_NS_ASSERTIONS = NO;
				ENABLE_STRICT_OBJC_MSGSEND = YES;
				GCC_C_LANGUAGE_STANDARD = gnu11;
				GCC_NO_COMMON_BLOCKS = YES;
				GCC_WARN_64_TO_32_BIT_CONVERSION = YES;
				GCC_WARN_ABOUT_RETURN_TYPE = YES_ERROR;
				GCC_WARN_UNDECLARED_SELECTOR = YES;
				GCC_WARN_UNINITIALIZED_AUTOS = YES_AGGRESSIVE;
				GCC_WARN_UNUSED_FUNCTION = YES;
				GCC_WARN_UNUSED_VARIABLE = YES;
				IPHONEOS_DEPLOYMENT_TARGET = 11.3;
				MTL_ENABLE_DEBUG_INFO = NO;
				SDKROOT = iphoneos;
				SWIFT_COMPILATION_MODE = wholemodule;
				SWIFT_OPTIMIZATION_LEVEL = "-O";
				VALIDATE_PRODUCT = YES;
			};
			name = Release;
		};
		83293BB62439CADE006C5EA0 /* Debug */ = {
			isa = XCBuildConfiguration;
			buildSettings = {
				ASSETCATALOG_COMPILER_APPICON_NAME = AppIcon;
				CODE_SIGN_STYLE = Automatic;
				INFOPLIST_FILE = FamilyApp/Info.plist;
				LD_RUNPATH_SEARCH_PATHS = (
					"$(inherited)",
					"@executable_path/Frameworks",
				);
				PRODUCT_BUNDLE_IDENTIFIER = com.murakke.FamilyApp;
				PRODUCT_NAME = "$(TARGET_NAME)";
				SWIFT_VERSION = 4.0;
				TARGETED_DEVICE_FAMILY = "1,2";
			};
			name = Debug;
		};
		83293BB72439CADE006C5EA0 /* Release */ = {
			isa = XCBuildConfiguration;
			buildSettings = {
				ASSETCATALOG_COMPILER_APPICON_NAME = AppIcon;
				CODE_SIGN_STYLE = Automatic;
				INFOPLIST_FILE = FamilyApp/Info.plist;
				LD_RUNPATH_SEARCH_PATHS = (
					"$(inherited)",
					"@executable_path/Frameworks",
				);
				PRODUCT_BUNDLE_IDENTIFIER = com.murakke.FamilyApp;
				PRODUCT_NAME = "$(TARGET_NAME)";
				SWIFT_VERSION = 4.0;
				TARGETED_DEVICE_FAMILY = "1,2";
			};
			name = Release;
		};
		83293BB92439CADE006C5EA0 /* Debug */ = {
			isa = XCBuildConfiguration;
			buildSettings = {
				ALWAYS_EMBED_SWIFT_STANDARD_LIBRARIES = YES;
				BUNDLE_LOADER = "$(TEST_HOST)";
				CODE_SIGN_STYLE = Automatic;
				INFOPLIST_FILE = FamilyAppTests/Info.plist;
				LD_RUNPATH_SEARCH_PATHS = (
					"$(inherited)",
					"@executable_path/Frameworks",
					"@loader_path/Frameworks",
				);
				PRODUCT_BUNDLE_IDENTIFIER = com.murakke.FamilyAppTests;
				PRODUCT_NAME = "$(TARGET_NAME)";
				SWIFT_VERSION = 4.0;
				TARGETED_DEVICE_FAMILY = "1,2";
				TEST_HOST = "$(BUILT_PRODUCTS_DIR)/FamilyApp.app/FamilyApp";
			};
			name = Debug;
		};
		83293BBA2439CADE006C5EA0 /* Release */ = {
			isa = XCBuildConfiguration;
			buildSettings = {
				ALWAYS_EMBED_SWIFT_STANDARD_LIBRARIES = YES;
				BUNDLE_LOADER = "$(TEST_HOST)";
				CODE_SIGN_STYLE = Automatic;
				INFOPLIST_FILE = FamilyAppTests/Info.plist;
				LD_RUNPATH_SEARCH_PATHS = (
					"$(inherited)",
					"@executable_path/Frameworks",
					"@loader_path/Frameworks",
				);
				PRODUCT_BUNDLE_IDENTIFIER = com.murakke.FamilyAppTests;
				PRODUCT_NAME = "$(TARGET_NAME)";
				SWIFT_VERSION = 4.0;
				TARGETED_DEVICE_FAMILY = "1,2";
				TEST_HOST = "$(BUILT_PRODUCTS_DIR)/FamilyApp.app/FamilyApp";
			};
			name = Release;
		};
		83293BBC2439CADE006C5EA0 /* Debug */ = {
			isa = XCBuildConfiguration;
			buildSettings = {
				ALWAYS_EMBED_SWIFT_STANDARD_LIBRARIES = YES;
				CODE_SIGN_STYLE = Automatic;
				INFOPLIST_FILE = FamilyAppUITests/Info.plist;
				LD_RUNPATH_SEARCH_PATHS = (
					"$(inherited)",
					"@executable_path/Frameworks",
					"@loader_path/Frameworks",
				);
				PRODUCT_BUNDLE_IDENTIFIER = com.murakke.FamilyAppUITests;
				PRODUCT_NAME = "$(TARGET_NAME)";
				SWIFT_VERSION = 4.0;
				TARGETED_DEVICE_FAMILY = "1,2";
				TEST_TARGET_NAME = FamilyApp;
			};
			name = Debug;
		};
		83293BBD2439CADE006C5EA0 /* Release */ = {
			isa = XCBuildConfiguration;
			buildSettings = {
				ALWAYS_EMBED_SWIFT_STANDARD_LIBRARIES = YES;
				CODE_SIGN_STYLE = Automatic;
				INFOPLIST_FILE = FamilyAppUITests/Info.plist;
				LD_RUNPATH_SEARCH_PATHS = (
					"$(inherited)",
					"@executable_path/Frameworks",
					"@loader_path/Frameworks",
				);
				PRODUCT_BUNDLE_IDENTIFIER = com.murakke.FamilyAppUITests;
				PRODUCT_NAME = "$(TARGET_NAME)";
				SWIFT_VERSION = 4.0;
				TARGETED_DEVICE_FAMILY = "1,2";
				TEST_TARGET_NAME = FamilyApp;
			};
			name = Release;
		};
/* End XCBuildConfiguration section */

/* Begin XCConfigurationList section */
		83293B852439CADC006C5EA0 /* Build configuration list for PBXProject "FamilyApp" */ = {
			isa = XCConfigurationList;
			buildConfigurations = (
				83293BB32439CADE006C5EA0 /* Debug */,
				83293BB42439CADE006C5EA0 /* Release */,
			);
			defaultConfigurationIsVisible = 0;
			defaultConfigurationName = Release;
		};
		83293BB52439CADE006C5EA0 /* Build configuration list for PBXNativeTarget "FamilyApp" */ = {
			isa = XCConfigurationList;
			buildConfigurations = (
				83293BB62439CADE006C5EA0 /* Debug */,
				83293BB72439CADE006C5EA0 /* Release */,
			);
			defaultConfigurationIsVisible = 0;
			defaultConfigurationName = Release;
		};
		83293BB82439CADE006C5EA0 /* Build configuration list for PBXNativeTarget "FamilyAppTests" */ = {
			isa = XCConfigurationList;
			buildConfigurations = (
				83293BB92439CADE006C5EA0 /* Debug */,
				83293BBA2439CADE006C5EA0 /* Release */,
			);
			defaultConfigurationIsVisible = 0;
			defaultConfigurationName = Release;
		};
		83293BBB2439CADE006C5EA0 /* Build configuration list for PBXNativeTarget "FamilyAppUITests" */ = {
			isa = XCConfigurationList;
			buildConfigurations = (
				83293BBC2439CADE006C5EA0 /* Debug */,
				83293BBD2439CADE006C5EA0 /* Release */,
			);
			defaultConfigurationIsVisible = 0;
			defaultConfigurationName = Release;
		};
/* End XCConfigurationList section */

/* Begin XCVersionGroup section */
		83293B942439CADC006C5EA0 /* FamilyApp.xcdatamodeld */ = {
			isa = XCVersionGroup;
			children = (
				83293B952439CADC006C5EA0 /* FamilyApp.xcdatamodel */,
			);
			currentVersion = 83293B952439CADC006C5EA0 /* FamilyApp.xcdatamodel */;
			path = FamilyApp.xcdatamodeld;
			sourceTree = "<group>";
			versionGroupType = wrapper.xcdatamodel;
		};
/* End XCVersionGroup section */
	};
	rootObject = 83293B822439CADC006C5EA0 /* Project object */;
}
